# This file is automatically @generated by Cargo.
# It is not intended for manual editing.
version = 4

[[package]]
name = "mtsvn-rs"
version = "0.1.0"
dependencies = [
 "status_engine",
 "svn_backend",
]

[[package]]
name = "status_engine"
version = "0.1.0"
dependencies = [
 "svn_backend",
]

[[package]]
name = "svn_backend"
version = "0.1.0"
